# THIS IS AN AUTOGENERATED FILE. DO NOT EDIT THIS FILE DIRECTLY.
# yarn lockfile v1


bs-platform@~8.0.0:
  version "8.0.1"
  resolved "https://registry.yarnpkg.com/bs-platform/-/bs-platform-8.0.1.tgz#05d78492774c2f7e9b424a30eabe4f424fa951ae"
  integrity sha512-zVIlJl1mkQ2DqhPyZmgbpTDyFHXtryUA6nJa6Q1DsLof0t5EbdNfH4UGT219YhiS7+m0xyEVVHPJIPHNZlssHQ==
